
Microsoft Visual Studio Solution File, Format Version 12.00
# Visual Studio Version 16
VisualStudioVersion = 16.0.30711.63
MinimumVisualStudioVersion = 10.0.40219.1
Project("{FAE04EC0-301F-11D3-BF4B-00C04F79EFBC}") = "Alphahome", "Alphahome\Alphahome.csproj", "{731831A8-086A-4B98-B5A0-EDAFA952B34C}"
EndProject
Global
	GlobalSection(SolutionConfigurationPlatforms) = preSolution
		Debug|Any CPU = Debug|Any CPU
		Release|Any CPU = Release|Any CPU
	EndGlobalSection
	GlobalSection(ProjectConfigurationPlatforms) = postSolution
		{731831A8-086A-4B98-B5A0-EDAFA952B34C}.Debug|Any CPU.ActiveCfg = Debug|Any CPU
		{731831A8-086A-4B98-B5A0-EDAFA952B34C}.Debug|Any CPU.Build.0 = Debug|Any CPU
		{731831A8-086A-4B98-B5A0-EDAFA952B34C}.Release|Any CPU.ActiveCfg = Release|Any CPU
		{731831A8-086A-4B98-B5A0-EDAFA952B34C}.Release|Any CPU.Build.0 = Release|Any CPU
	EndGlobalSection
	GlobalSection(SolutionProperties) = preSolution
		HideSolutionNode = FALSE
	EndGlobalSection
	GlobalSection(ExtensibilityGlobals) = postSolution
		SolutionGuid = {686E7BE1-899F-400F-ACFE-C58F348A5A65}
	EndGlobalSection
EndGlobal
